dependencies:
- name: example-svc
  repository: file://./charts/example-svc
  version: 0.1.0
- name: postgresql
  repository: https://charts.bitnami.com/bitnami
  version: 15.5.38
digest: sha256:658c45d1640b5ec1c03025beba828b6a40fb5fd9c90b163012f1c9c2f4103918
generated: "2025-11-02T15:38:56.263986+08:00"
